
Microsoft Visual Studio Solution File, Format Version 12.00
# Visual Studio 14
VisualStudioVersion = 14.0.25123.0
MinimumVisualStudioVersion = 10.0.40219.1
Project("{FAE04EC0-301F-11D3-BF4B-00C04F79EFBC}") = "RomanNumbers", "RomanNumbers\RomanNumbers.csproj", "{50FB7644-2BD7-4D28-B55F-ECCDC72C1C97}"
EndProject
Project("{FAE04EC0-301F-11D3-BF4B-00C04F79EFBC}") = "RomanNumbers.Tests", "RomanNumbers.Tests\RomanNumbers.Tests.csproj", "{56528B09-0DF3-43C2-9B63-8B0CCF9A75CA}"
EndProject
Global
	GlobalSection(SolutionConfigurationPlatforms) = preSolution
		Debug|Any CPU = Debug|Any CPU
		Release|Any CPU = Release|Any CPU
	EndGlobalSection
	GlobalSection(ProjectConfigurationPlatforms) = postSolution
		{50FB7644-2BD7-4D28-B55F-ECCDC72C1C97}.Debug|Any CPU.ActiveCfg = Debug|Any CPU
		{50FB7644-2BD7-4D28-B55F-ECCDC72C1C97}.Debug|Any CPU.Build.0 = Debug|Any CPU
		{50FB7644-2BD7-4D28-B55F-ECCDC72C1C97}.Release|Any CPU.ActiveCfg = Release|Any CPU
		{50FB7644-2BD7-4D28-B55F-ECCDC72C1C97}.Release|Any CPU.Build.0 = Release|Any CPU
		{56528B09-0DF3-43C2-9B63-8B0CCF9A75CA}.Debug|Any CPU.ActiveCfg = Debug|Any CPU
		{56528B09-0DF3-43C2-9B63-8B0CCF9A75CA}.Debug|Any CPU.Build.0 = Debug|Any CPU
		{56528B09-0DF3-43C2-9B63-8B0CCF9A75CA}.Release|Any CPU.ActiveCfg = Release|Any CPU
		{56528B09-0DF3-43C2-9B63-8B0CCF9A75CA}.Release|Any CPU.Build.0 = Release|Any CPU
	EndGlobalSection
	GlobalSection(SolutionProperties) = preSolution
		HideSolutionNode = FALSE
	EndGlobalSection
EndGlobal
