
Microsoft Visual Studio Solution File, Format Version 12.00
# Visual Studio 14
VisualStudioVersion = 14.0.25123.0
MinimumVisualStudioVersion = 10.0.40219.1
Project("{FAE04EC0-301F-11D3-BF4B-00C04F79EFBC}") = "TicTacToeKata.Src", "TicTacToeKata\TicTacToeKata.Src\TicTacToeKata.Src.csproj", "{2791CCDB-11F8-4948-A7C6-343ABB5D22E5}"
EndProject
Project("{FAE04EC0-301F-11D3-BF4B-00C04F79EFBC}") = "TicTacToeKata.Test", "TicTacToeKata\TicTacToeKata.Test\TicTacToeKata.Test.csproj", "{453B1D62-9EF0-4386-9809-AB7B0EF87025}"
EndProject
Global
	GlobalSection(SolutionConfigurationPlatforms) = preSolution
		Debug|Any CPU = Debug|Any CPU
		Release|Any CPU = Release|Any CPU
	EndGlobalSection
	GlobalSection(ProjectConfigurationPlatforms) = postSolution
		{2791CCDB-11F8-4948-A7C6-343ABB5D22E5}.Debug|Any CPU.ActiveCfg = Debug|Any CPU
		{2791CCDB-11F8-4948-A7C6-343ABB5D22E5}.Debug|Any CPU.Build.0 = Debug|Any CPU
		{2791CCDB-11F8-4948-A7C6-343ABB5D22E5}.Release|Any CPU.ActiveCfg = Release|Any CPU
		{2791CCDB-11F8-4948-A7C6-343ABB5D22E5}.Release|Any CPU.Build.0 = Release|Any CPU
		{453B1D62-9EF0-4386-9809-AB7B0EF87025}.Debug|Any CPU.ActiveCfg = Debug|Any CPU
		{453B1D62-9EF0-4386-9809-AB7B0EF87025}.Debug|Any CPU.Build.0 = Debug|Any CPU
		{453B1D62-9EF0-4386-9809-AB7B0EF87025}.Release|Any CPU.ActiveCfg = Release|Any CPU
		{453B1D62-9EF0-4386-9809-AB7B0EF87025}.Release|Any CPU.Build.0 = Release|Any CPU
	EndGlobalSection
	GlobalSection(SolutionProperties) = preSolution
		HideSolutionNode = FALSE
	EndGlobalSection
EndGlobal
